
Microsoft Visual Studio Solution File, Format Version 12.00
# Visual Studio Version 16
VisualStudioVersion = 16.0.31424.327
MinimumVisualStudioVersion = 10.0.40219.1
Project("{FAE04EC0-301F-11D3-BF4B-00C04F79EFBC}") = "OsevniTahak", "OsevniTahak.csproj", "{4FE5B94C-C885-428D-8E6F-B5234AC2BAB1}"
EndProject
Global
	GlobalSection(SolutionConfigurationPlatforms) = preSolution
		Debug|Any CPU = Debug|Any CPU
		Release|Any CPU = Release|Any CPU
	EndGlobalSection
	GlobalSection(ProjectConfigurationPlatforms) = postSolution
		{4FE5B94C-C885-428D-8E6F-B5234AC2BAB1}.Debug|Any CPU.ActiveCfg = Debug|Any CPU
		{4FE5B94C-C885-428D-8E6F-B5234AC2BAB1}.Debug|Any CPU.Build.0 = Debug|Any CPU
		{4FE5B94C-C885-428D-8E6F-B5234AC2BAB1}.Release|Any CPU.ActiveCfg = Release|Any CPU
		{4FE5B94C-C885-428D-8E6F-B5234AC2BAB1}.Release|Any CPU.Build.0 = Release|Any CPU
	EndGlobalSection
	GlobalSection(SolutionProperties) = preSolution
		HideSolutionNode = FALSE
	EndGlobalSection
	GlobalSection(ExtensibilityGlobals) = postSolution
		SolutionGuid = {42BEECAA-9DF3-4694-A6B4-FB6868C2BE8D}
	EndGlobalSection
EndGlobal
